
Microsoft Visual Studio Solution File, Format Version 12.00
# Visual Studio Version 17
VisualStudioVersion = 17.13.35825.156
MinimumVisualStudioVersion = 10.0.40219.1
Project("{FAE04EC0-301F-11D3-BF4B-00C04F79EFBC}") = "EffectOnHUD", "EffectOnHUD\EffectOnHUD.csproj", "{F67B91E4-936C-4812-929C-9A4E14693F98}"
EndProject
Project("{FAE04EC0-301F-11D3-BF4B-00C04F79EFBC}") = "PopulationXpLimiter", "PopulationXpLimiter\PopulationXpLimiter.csproj", "{E03B85B1-558A-EDDB-97D5-119F99280D54}"
EndProject
Project("{FAE04EC0-301F-11D3-BF4B-00C04F79EFBC}") = "WelcomeMessage", "WelcomeMessage\WelcomeMessage.csproj", "{CB84D1FD-B8AD-4B9B-901B-97E7ACD9A736}"
EndProject
Project("{FAE04EC0-301F-11D3-BF4B-00C04F79EFBC}") = "CalamityStatsTracker", "CalamityStatsTracker\CalamityStatsTracker.csproj", "{75267FA4-A4B6-4E26-AAD2-1BE36B6E70A5}"
EndProject
Project("{FAE04EC0-301F-11D3-BF4B-00C04F79EFBC}") = "CalamityNPCs", "CalamityNPCs\CalamityNPCs.csproj", "{9A626A07-BF6A-4249-B260-F2C800747886}"
EndProject
Global
	GlobalSection(SolutionConfigurationPlatforms) = preSolution
		Exiled|Any CPU = Exiled|Any CPU
		LabApi|Any CPU = LabApi|Any CPU
	EndGlobalSection
	GlobalSection(ProjectConfigurationPlatforms) = postSolution
		{F67B91E4-936C-4812-929C-9A4E14693F98}.Exiled|Any CPU.ActiveCfg = Exiled|Any CPU
		{F67B91E4-936C-4812-929C-9A4E14693F98}.Exiled|Any CPU.Build.0 = Exiled|Any CPU
		{F67B91E4-936C-4812-929C-9A4E14693F98}.LabApi|Any CPU.ActiveCfg = LabApi|Any CPU
		{F67B91E4-936C-4812-929C-9A4E14693F98}.LabApi|Any CPU.Build.0 = LabApi|Any CPU
		{E03B85B1-558A-EDDB-97D5-119F99280D54}.Exiled|Any CPU.ActiveCfg = Exiled|Any CPU
		{E03B85B1-558A-EDDB-97D5-119F99280D54}.Exiled|Any CPU.Build.0 = Exiled|Any CPU
		{E03B85B1-558A-EDDB-97D5-119F99280D54}.LabApi|Any CPU.ActiveCfg = LabApi|Any CPU
		{E03B85B1-558A-EDDB-97D5-119F99280D54}.LabApi|Any CPU.Build.0 = LabApi|Any CPU
		{CB84D1FD-B8AD-4B9B-901B-97E7ACD9A736}.Exiled|Any CPU.ActiveCfg = Exiled|Any CPU
		{CB84D1FD-B8AD-4B9B-901B-97E7ACD9A736}.Exiled|Any CPU.Build.0 = Exiled|Any CPU
		{CB84D1FD-B8AD-4B9B-901B-97E7ACD9A736}.LabApi|Any CPU.ActiveCfg = LabApi|Any CPU
		{CB84D1FD-B8AD-4B9B-901B-97E7ACD9A736}.LabApi|Any CPU.Build.0 = LabApi|Any CPU
		{75267FA4-A4B6-4E26-AAD2-1BE36B6E70A5}.Exiled|Any CPU.ActiveCfg = Exiled|Any CPU
		{75267FA4-A4B6-4E26-AAD2-1BE36B6E70A5}.Exiled|Any CPU.Build.0 = Exiled|Any CPU
		{75267FA4-A4B6-4E26-AAD2-1BE36B6E70A5}.LabApi|Any CPU.ActiveCfg = LabApi|Any CPU
		{75267FA4-A4B6-4E26-AAD2-1BE36B6E70A5}.LabApi|Any CPU.Build.0 = LabApi|Any CPU
		{9A626A07-BF6A-4249-B260-F2C800747886}.Exiled|Any CPU.ActiveCfg = Exiled|Any CPU
		{9A626A07-BF6A-4249-B260-F2C800747886}.Exiled|Any CPU.Build.0 = Exiled|Any CPU
		{9A626A07-BF6A-4249-B260-F2C800747886}.LabApi|Any CPU.ActiveCfg = LabApi|Any CPU
		{9A626A07-BF6A-4249-B260-F2C800747886}.LabApi|Any CPU.Build.0 = LabApi|Any CPU
	EndGlobalSection
	GlobalSection(SolutionProperties) = preSolution
		HideSolutionNode = FALSE
	EndGlobalSection
	GlobalSection(ExtensibilityGlobals) = postSolution
		SolutionGuid = {4F6A8922-C407-4397-930C-35AAEDF4F2A7}
	EndGlobalSection
EndGlobal
